// !$*UTF8*$!
{
	archiveVersion = 1;
	classes = {
	};
	objectVersion = 46;
	objects = {

/* Begin PBXBuildFile section */
		2840C42B1CB56841009AAB02 /* Helpers-iOS.swift in Sources */ = {isa = PBXBuildFile; fileRef = 2840C42A1CB56841009AAB02 /* Helpers-iOS.swift */; };
		28644D761CB83DCB00DD1B54 /* PaginationResponseTypeSettings.swift in Sources */ = {isa = PBXBuildFile; fileRef = 28644D751CB83DCB00DD1B54 /* PaginationResponseTypeSettings.swift */; };
		28644D771CB83DCB00DD1B54 /* PaginationResponseTypeSettings.swift in Sources */ = {isa = PBXBuildFile; fileRef = 28644D751CB83DCB00DD1B54 /* PaginationResponseTypeSettings.swift */; };
		28644D781CB83DCB00DD1B54 /* PaginationResponseTypeSettings.swift in Sources */ = {isa = PBXBuildFile; fileRef = 28644D751CB83DCB00DD1B54 /* PaginationResponseTypeSettings.swift */; };
		28644D7A1CB83FE700DD1B54 /* PaginationRequestTypeSettings.swift in Sources */ = {isa = PBXBuildFile; fileRef = 28644D791CB83FE700DD1B54 /* PaginationRequestTypeSettings.swift */; };
		28644D7B1CB83FE700DD1B54 /* PaginationRequestTypeSettings.swift in Sources */ = {isa = PBXBuildFile; fileRef = 28644D791CB83FE700DD1B54 /* PaginationRequestTypeSettings.swift */; };
		28644D7C1CB83FE700DD1B54 /* PaginationRequestTypeSettings.swift in Sources */ = {isa = PBXBuildFile; fileRef = 28644D791CB83FE700DD1B54 /* PaginationRequestTypeSettings.swift */; };
		287D0A6E1C4B73BD004566D6 /* OperaTests.swift in Sources */ = {isa = PBXBuildFile; fileRef = 287D0A6D1C4B73BD004566D6 /* OperaTests.swift */; };
		28A6B9CC1CB5EC2D00682BCE /* FilterType.swift in Sources */ = {isa = PBXBuildFile; fileRef = 28A6B9CB1CB5EC2D00682BCE /* FilterType.swift */; };
		28A6B9CE1CB5EFB600682BCE /* PaginationRequest.swift in Sources */ = {isa = PBXBuildFile; fileRef = 28A6B9CD1CB5EFB600682BCE /* PaginationRequest.swift */; };
		28A6B9D01CB5EFE000682BCE /* PaginationResponse.swift in Sources */ = {isa = PBXBuildFile; fileRef = 28A6B9CF1CB5EFE000682BCE /* PaginationResponse.swift */; };
		28D91C571CB385CC006488F1 /* NetworkError.swift in Sources */ = {isa = PBXBuildFile; fileRef = 28D91C521CB385CC006488F1 /* NetworkError.swift */; };
		28D91C581CB385CC006488F1 /* PaginationRequestType.swift in Sources */ = {isa = PBXBuildFile; fileRef = 28D91C531CB385CC006488F1 /* PaginationRequestType.swift */; };
		28D91C591CB385CC006488F1 /* PaginationResponseType.swift in Sources */ = {isa = PBXBuildFile; fileRef = 28D91C541CB385CC006488F1 /* PaginationResponseType.swift */; };
		28D91C5A1CB385CC006488F1 /* PaginationViewModel.swift in Sources */ = {isa = PBXBuildFile; fileRef = 28D91C551CB385CC006488F1 /* PaginationViewModel.swift */; };
		28D91C5B1CB385CC006488F1 /* RequestType.swift in Sources */ = {isa = PBXBuildFile; fileRef = 28D91C561CB385CC006488F1 /* RequestType.swift */; };
		28D91C5F1CB38687006488F1 /* OperaDecodable.swift in Sources */ = {isa = PBXBuildFile; fileRef = 28D91C5E1CB38687006488F1 /* OperaDecodable.swift */; };
		28D91C651CB38751006488F1 /* Request+Rx.swift in Sources */ = {isa = PBXBuildFile; fileRef = 28D91C641CB38751006488F1 /* Request+Rx.swift */; };
		28D91C671CB38759006488F1 /* Request+ResponseSerialization.swift in Sources */ = {isa = PBXBuildFile; fileRef = 28D91C661CB38759006488F1 /* Request+ResponseSerialization.swift */; };
		28F107771CB498FB007D8B7D /* Helpers.swift in Sources */ = {isa = PBXBuildFile; fileRef = 28F107761CB498FB007D8B7D /* Helpers.swift */; };
		28F828811C494B2C00330CF4 /* Opera.h in Headers */ = {isa = PBXBuildFile; fileRef = 28F828801C494B2C00330CF4 /* Opera.h */; settings = {ATTRIBUTES = (Public, ); }; };
		28F828881C494B2C00330CF4 /* Opera.framework in Frameworks */ = {isa = PBXBuildFile; fileRef = 28F8287D1C494B2C00330CF4 /* Opera.framework */; };
		542B09EC1CB6D5BE00EC2C71 /* Opera.framework in Frameworks */ = {isa = PBXBuildFile; fileRef = 542B09E21CB6D5BE00EC2C71 /* Opera.framework */; };
		542B09FA1CB6D63200EC2C71 /* Helpers.swift in Sources */ = {isa = PBXBuildFile; fileRef = 28F107761CB498FB007D8B7D /* Helpers.swift */; };
		542B09FB1CB6D63200EC2C71 /* NetworkError.swift in Sources */ = {isa = PBXBuildFile; fileRef = 28D91C521CB385CC006488F1 /* NetworkError.swift */; };
		542B09FC1CB6D63200EC2C71 /* Request+Rx.swift in Sources */ = {isa = PBXBuildFile; fileRef = 28D91C641CB38751006488F1 /* Request+Rx.swift */; };
		542B09FD1CB6D63200EC2C71 /* Request+ResponseSerialization.swift in Sources */ = {isa = PBXBuildFile; fileRef = 28D91C661CB38759006488F1 /* Request+ResponseSerialization.swift */; };
		542B09FE1CB6D63200EC2C71 /* PaginationRequestType.swift in Sources */ = {isa = PBXBuildFile; fileRef = 28D91C531CB385CC006488F1 /* PaginationRequestType.swift */; };
		542B09FF1CB6D63200EC2C71 /* PaginationRequest.swift in Sources */ = {isa = PBXBuildFile; fileRef = 28A6B9CD1CB5EFB600682BCE /* PaginationRequest.swift */; };
		542B0A001CB6D63200EC2C71 /* PaginationResponseType.swift in Sources */ = {isa = PBXBuildFile; fileRef = 28D91C541CB385CC006488F1 /* PaginationResponseType.swift */; };
		542B0A011CB6D63200EC2C71 /* PaginationResponse.swift in Sources */ = {isa = PBXBuildFile; fileRef = 28A6B9CF1CB5EFE000682BCE /* PaginationResponse.swift */; };
		542B0A021CB6D63200EC2C71 /* PaginationViewModel.swift in Sources */ = {isa = PBXBuildFile; fileRef = 28D91C551CB385CC006488F1 /* PaginationViewModel.swift */; };
		542B0A031CB6D63200EC2C71 /* RequestType.swift in Sources */ = {isa = PBXBuildFile; fileRef = 28D91C561CB385CC006488F1 /* RequestType.swift */; };
		542B0A041CB6D63200EC2C71 /* OperaDecodable.swift in Sources */ = {isa = PBXBuildFile; fileRef = 28D91C5E1CB38687006488F1 /* OperaDecodable.swift */; };
		542B0A051CB6D63200EC2C71 /* FilterType.swift in Sources */ = {isa = PBXBuildFile; fileRef = 28A6B9CB1CB5EC2D00682BCE /* FilterType.swift */; };
		542B0A091CB6D9A600EC2C71 /* Opera.h in Headers */ = {isa = PBXBuildFile; fileRef = 28F828801C494B2C00330CF4 /* Opera.h */; settings = {ATTRIBUTES = (Public, ); }; };
		542B0A141CB6DDF500EC2C71 /* Alamofire.framework in Frameworks */ = {isa = PBXBuildFile; fileRef = 542B0A111CB6DDF500EC2C71 /* Alamofire.framework */; };
		542B0A151CB6DDF500EC2C71 /* RxSwift.framework in Frameworks */ = {isa = PBXBuildFile; fileRef = 542B0A121CB6DDF500EC2C71 /* RxSwift.framework */; };
		542B0A161CB6DDF500EC2C71 /* WebLinking.framework in Frameworks */ = {isa = PBXBuildFile; fileRef = 542B0A131CB6DDF500EC2C71 /* WebLinking.framework */; };
		542B0A1A1CB6E07D00EC2C71 /* Alamofire.framework in Frameworks */ = {isa = PBXBuildFile; fileRef = 542B0A171CB6E07D00EC2C71 /* Alamofire.framework */; };
		542B0A1C1CB6E07D00EC2C71 /* RxSwift.framework in Frameworks */ = {isa = PBXBuildFile; fileRef = 542B0A191CB6E07D00EC2C71 /* RxSwift.framework */; };
		542B0A1E1CB6E09900EC2C71 /* WebLinking.framework in Frameworks */ = {isa = PBXBuildFile; fileRef = 542B0A1D1CB6E09900EC2C71 /* WebLinking.framework */; };
		5468B3FF1CB82EE600D0643E /* Opera.framework in Frameworks */ = {isa = PBXBuildFile; fileRef = 5468B3F51CB82EE600D0643E /* Opera.framework */; };
		5468B40C1CB82F2100D0643E /* Opera.h in Headers */ = {isa = PBXBuildFile; fileRef = 28F828801C494B2C00330CF4 /* Opera.h */; settings = {ATTRIBUTES = (Public, ); }; };
		5468B40D1CB82F2100D0643E /* Helpers.swift in Sources */ = {isa = PBXBuildFile; fileRef = 28F107761CB498FB007D8B7D /* Helpers.swift */; };
		5468B40E1CB82F2100D0643E /* NetworkError.swift in Sources */ = {isa = PBXBuildFile; fileRef = 28D91C521CB385CC006488F1 /* NetworkError.swift */; };
		5468B40F1CB82F2100D0643E /* Request+Rx.swift in Sources */ = {isa = PBXBuildFile; fileRef = 28D91C641CB38751006488F1 /* Request+Rx.swift */; };
		5468B4101CB82F2100D0643E /* Request+ResponseSerialization.swift in Sources */ = {isa = PBXBuildFile; fileRef = 28D91C661CB38759006488F1 /* Request+ResponseSerialization.swift */; };
		5468B4111CB82F2100D0643E /* RequestType.swift in Sources */ = {isa = PBXBuildFile; fileRef = 28D91C561CB385CC006488F1 /* RequestType.swift */; };
		5468B4121CB82F2100D0643E /* PaginationRequestType.swift in Sources */ = {isa = PBXBuildFile; fileRef = 28D91C531CB385CC006488F1 /* PaginationRequestType.swift */; };
		5468B4131CB82F2100D0643E /* PaginationRequest.swift in Sources */ = {isa = PBXBuildFile; fileRef = 28A6B9CD1CB5EFB600682BCE /* PaginationRequest.swift */; };
		5468B4141CB82F2100D0643E /* PaginationResponseType.swift in Sources */ = {isa = PBXBuildFile; fileRef = 28D91C541CB385CC006488F1 /* PaginationResponseType.swift */; };
		5468B4151CB82F2100D0643E /* PaginationResponse.swift in Sources */ = {isa = PBXBuildFile; fileRef = 28A6B9CF1CB5EFE000682BCE /* PaginationResponse.swift */; };
		5468B4161CB82F2100D0643E /* PaginationViewModel.swift in Sources */ = {isa = PBXBuildFile; fileRef = 28D91C551CB385CC006488F1 /* PaginationViewModel.swift */; };
		5468B4171CB82F2100D0643E /* OperaDecodable.swift in Sources */ = {isa = PBXBuildFile; fileRef = 28D91C5E1CB38687006488F1 /* OperaDecodable.swift */; };
		5468B4181CB82F2100D0643E /* FilterType.swift in Sources */ = {isa = PBXBuildFile; fileRef = 28A6B9CB1CB5EC2D00682BCE /* FilterType.swift */; };
		5468B41C1CB82F4400D0643E /* Alamofire.framework in Frameworks */ = {isa = PBXBuildFile; fileRef = 5468B4191CB82F4400D0643E /* Alamofire.framework */; };
		5468B41D1CB82F4400D0643E /* RxSwift.framework in Frameworks */ = {isa = PBXBuildFile; fileRef = 5468B41A1CB82F4400D0643E /* RxSwift.framework */; };
		5468B41E1CB82F4400D0643E /* WebLinking.framework in Frameworks */ = {isa = PBXBuildFile; fileRef = 5468B41B1CB82F4400D0643E /* WebLinking.framework */; };
/* End PBXBuildFile section */

/* Begin PBXContainerItemProxy section */
		28F828891C494B2C00330CF4 /* PBXContainerItemProxy */ = {
			isa = PBXContainerItemProxy;
			containerPortal = 28F828741C494B2C00330CF4 /* Project object */;
			proxyType = 1;
			remoteGlobalIDString = 28F8287C1C494B2C00330CF4;
			remoteInfo = Opera;
		};
		542B09ED1CB6D5BE00EC2C71 /* PBXContainerItemProxy */ = {
			isa = PBXContainerItemProxy;
			containerPortal = 28F828741C494B2C00330CF4 /* Project object */;
			proxyType = 1;
			remoteGlobalIDString = 542B09E11CB6D5BE00EC2C71;
			remoteInfo = "Opera-OSX";
		};
		5468B4001CB82EE600D0643E /* PBXContainerItemProxy */ = {
			isa = PBXContainerItemProxy;
			containerPortal = 28F828741C494B2C00330CF4 /* Project object */;
			proxyType = 1;
			remoteGlobalIDString = 5468B3F41CB82EE600D0643E;
			remoteInfo = "Opera-tvOS";
		};
/* End PBXContainerItemProxy section */

/* Begin PBXFileReference section */
		2840C42A1CB56841009AAB02 /* Helpers-iOS.swift */ = {isa = PBXFileReference; fileEncoding = 4; lastKnownFileType = sourcecode.swift; name = "Helpers-iOS.swift"; path = "Helpers/Helpers-iOS.swift"; sourceTree = "<group>"; };
		28644D751CB83DCB00DD1B54 /* PaginationResponseTypeSettings.swift */ = {isa = PBXFileReference; fileEncoding = 4; lastKnownFileType = sourcecode.swift; path = PaginationResponseTypeSettings.swift; sourceTree = "<group>"; };
		28644D791CB83FE700DD1B54 /* PaginationRequestTypeSettings.swift */ = {isa = PBXFileReference; fileEncoding = 4; lastKnownFileType = sourcecode.swift; path = PaginationRequestTypeSettings.swift; sourceTree = "<group>"; };
		287D0A6D1C4B73BD004566D6 /* OperaTests.swift */ = {isa = PBXFileReference; fileEncoding = 4; lastKnownFileType = sourcecode.swift; name = OperaTests.swift; path = Tests/OperaTests.swift; sourceTree = SOURCE_ROOT; };
		28A6B9CB1CB5EC2D00682BCE /* FilterType.swift */ = {isa = PBXFileReference; fileEncoding = 4; lastKnownFileType = sourcecode.swift; path = FilterType.swift; sourceTree = "<group>"; };
		28A6B9CD1CB5EFB600682BCE /* PaginationRequest.swift */ = {isa = PBXFileReference; fileEncoding = 4; lastKnownFileType = sourcecode.swift; path = PaginationRequest.swift; sourceTree = "<group>"; };
		28A6B9CF1CB5EFE000682BCE /* PaginationResponse.swift */ = {isa = PBXFileReference; fileEncoding = 4; lastKnownFileType = sourcecode.swift; path = PaginationResponse.swift; sourceTree = "<group>"; };
		28D91C521CB385CC006488F1 /* NetworkError.swift */ = {isa = PBXFileReference; fileEncoding = 4; lastKnownFileType = sourcecode.swift; path = NetworkError.swift; sourceTree = "<group>"; };
		28D91C531CB385CC006488F1 /* PaginationRequestType.swift */ = {isa = PBXFileReference; fileEncoding = 4; lastKnownFileType = sourcecode.swift; path = PaginationRequestType.swift; sourceTree = "<group>"; };
		28D91C541CB385CC006488F1 /* PaginationResponseType.swift */ = {isa = PBXFileReference; fileEncoding = 4; lastKnownFileType = sourcecode.swift; path = PaginationResponseType.swift; sourceTree = "<group>"; };
		28D91C551CB385CC006488F1 /* PaginationViewModel.swift */ = {isa = PBXFileReference; fileEncoding = 4; lastKnownFileType = sourcecode.swift; path = PaginationViewModel.swift; sourceTree = "<group>"; };
		28D91C561CB385CC006488F1 /* RequestType.swift */ = {isa = PBXFileReference; fileEncoding = 4; lastKnownFileType = sourcecode.swift; path = RequestType.swift; sourceTree = "<group>"; };
		28D91C5E1CB38687006488F1 /* OperaDecodable.swift */ = {isa = PBXFileReference; fileEncoding = 4; lastKnownFileType = sourcecode.swift; path = OperaDecodable.swift; sourceTree = "<group>"; };
		28D91C641CB38751006488F1 /* Request+Rx.swift */ = {isa = PBXFileReference; fileEncoding = 4; lastKnownFileType = sourcecode.swift; path = "Request+Rx.swift"; sourceTree = "<group>"; };
		28D91C661CB38759006488F1 /* Request+ResponseSerialization.swift */ = {isa = PBXFileReference; fileEncoding = 4; lastKnownFileType = sourcecode.swift; path = "Request+ResponseSerialization.swift"; sourceTree = "<group>"; };
		28F107761CB498FB007D8B7D /* Helpers.swift */ = {isa = PBXFileReference; fileEncoding = 4; lastKnownFileType = sourcecode.swift; name = Helpers.swift; path = Helpers/Helpers.swift; sourceTree = "<group>"; };
		28F8287D1C494B2C00330CF4 /* Opera.framework */ = {isa = PBXFileReference; explicitFileType = wrapper.framework; includeInIndex = 0; path = Opera.framework; sourceTree = BUILT_PRODUCTS_DIR; };
		28F828801C494B2C00330CF4 /* Opera.h */ = {isa = PBXFileReference; lastKnownFileType = sourcecode.c.h; name = Opera.h; path = "Sources/Supporting Files/Opera.h"; sourceTree = "<group>"; };
		28F828821C494B2C00330CF4 /* Info.plist */ = {isa = PBXFileReference; lastKnownFileType = text.plist.xml; name = Info.plist; path = "Sources/Supporting Files/Info.plist"; sourceTree = "<group>"; };
		28F828871C494B2C00330CF4 /* OperaTests_iOS.xctest */ = {isa = PBXFileReference; explicitFileType = wrapper.cfbundle; includeInIndex = 0; path = OperaTests_iOS.xctest; sourceTree = BUILT_PRODUCTS_DIR; };
		28F8288E1C494B2C00330CF4 /* Info.plist */ = {isa = PBXFileReference; lastKnownFileType = text.plist; name = Info.plist; path = "Tests/Supporting Files/Info.plist"; sourceTree = "<group>"; };
		28F8289B1C494BF100330CF4 /* Playground.playground */ = {isa = PBXFileReference; lastKnownFileType = file.playground; path = Playground.playground; sourceTree = "<group>"; };
		542B09E21CB6D5BE00EC2C71 /* Opera.framework */ = {isa = PBXFileReference; explicitFileType = wrapper.framework; includeInIndex = 0; path = Opera.framework; sourceTree = BUILT_PRODUCTS_DIR; };
		542B09EB1CB6D5BE00EC2C71 /* Opera-OSXTests.xctest */ = {isa = PBXFileReference; explicitFileType = wrapper.cfbundle; includeInIndex = 0; path = "Opera-OSXTests.xctest"; sourceTree = BUILT_PRODUCTS_DIR; };
		542B0A111CB6DDF500EC2C71 /* Alamofire.framework */ = {isa = PBXFileReference; lastKnownFileType = wrapper.framework; name = Alamofire.framework; path = Carthage/Build/Mac/Alamofire.framework; sourceTree = "<group>"; };
		542B0A121CB6DDF500EC2C71 /* RxSwift.framework */ = {isa = PBXFileReference; lastKnownFileType = wrapper.framework; name = RxSwift.framework; path = Carthage/Build/Mac/RxSwift.framework; sourceTree = "<group>"; };
		542B0A131CB6DDF500EC2C71 /* WebLinking.framework */ = {isa = PBXFileReference; lastKnownFileType = wrapper.framework; name = WebLinking.framework; path = Carthage/Build/Mac/WebLinking.framework; sourceTree = "<group>"; };
		542B0A171CB6E07D00EC2C71 /* Alamofire.framework */ = {isa = PBXFileReference; lastKnownFileType = wrapper.framework; name = Alamofire.framework; path = Carthage/Build/iOS/Alamofire.framework; sourceTree = "<group>"; };
		542B0A191CB6E07D00EC2C71 /* RxSwift.framework */ = {isa = PBXFileReference; lastKnownFileType = wrapper.framework; name = RxSwift.framework; path = Carthage/Build/iOS/RxSwift.framework; sourceTree = "<group>"; };
		542B0A1D1CB6E09900EC2C71 /* WebLinking.framework */ = {isa = PBXFileReference; lastKnownFileType = wrapper.framework; name = WebLinking.framework; path = Carthage/Build/iOS/WebLinking.framework; sourceTree = "<group>"; };
		5468B3F51CB82EE600D0643E /* Opera.framework */ = {isa = PBXFileReference; explicitFileType = wrapper.framework; includeInIndex = 0; path = Opera.framework; sourceTree = BUILT_PRODUCTS_DIR; };
		5468B3FE1CB82EE600D0643E /* Opera-tvOSTests.xctest */ = {isa = PBXFileReference; explicitFileType = wrapper.cfbundle; includeInIndex = 0; path = "Opera-tvOSTests.xctest"; sourceTree = BUILT_PRODUCTS_DIR; };
		5468B4191CB82F4400D0643E /* Alamofire.framework */ = {isa = PBXFileReference; lastKnownFileType = wrapper.framework; name = Alamofire.framework; path = Carthage/Build/tvOS/Alamofire.framework; sourceTree = "<group>"; };
		5468B41A1CB82F4400D0643E /* RxSwift.framework */ = {isa = PBXFileReference; lastKnownFileType = wrapper.framework; name = RxSwift.framework; path = Carthage/Build/tvOS/RxSwift.framework; sourceTree = "<group>"; };
		5468B41B1CB82F4400D0643E /* WebLinking.framework */ = {isa = PBXFileReference; lastKnownFileType = wrapper.framework; name = WebLinking.framework; path = Carthage/Build/tvOS/WebLinking.framework; sourceTree = "<group>"; };
/* End PBXFileReference section */

/* Begin PBXFrameworksBuildPhase section */
		28F828791C494B2C00330CF4 /* Frameworks */ = {
			isa = PBXFrameworksBuildPhase;
			buildActionMask = 2147483647;
			files = (
				542B0A1A1CB6E07D00EC2C71 /* Alamofire.framework in Frameworks */,
				542B0A1E1CB6E09900EC2C71 /* WebLinking.framework in Frameworks */,
				542B0A1C1CB6E07D00EC2C71 /* RxSwift.framework in Frameworks */,
			);
			runOnlyForDeploymentPostprocessing = 0;
		};
		28F828841C494B2C00330CF4 /* Frameworks */ = {
			isa = PBXFrameworksBuildPhase;
			buildActionMask = 2147483647;
			files = (
				28F828881C494B2C00330CF4 /* Opera.framework in Frameworks */,
			);
			runOnlyForDeploymentPostprocessing = 0;
		};
		542B09DE1CB6D5BE00EC2C71 /* Frameworks */ = {
			isa = PBXFrameworksBuildPhase;
			buildActionMask = 2147483647;
			files = (
				542B0A141CB6DDF500EC2C71 /* Alamofire.framework in Frameworks */,
				542B0A151CB6DDF500EC2C71 /* RxSwift.framework in Frameworks */,
				542B0A161CB6DDF500EC2C71 /* WebLinking.framework in Frameworks */,
			);
			runOnlyForDeploymentPostprocessing = 0;
		};
		542B09E81CB6D5BE00EC2C71 /* Frameworks */ = {
			isa = PBXFrameworksBuildPhase;
			buildActionMask = 2147483647;
			files = (
				542B09EC1CB6D5BE00EC2C71 /* Opera.framework in Frameworks */,
			);
			runOnlyForDeploymentPostprocessing = 0;
		};
		5468B3F11CB82EE600D0643E /* Frameworks */ = {
			isa = PBXFrameworksBuildPhase;
			buildActionMask = 2147483647;
			files = (
				5468B41C1CB82F4400D0643E /* Alamofire.framework in Frameworks */,
				5468B41D1CB82F4400D0643E /* RxSwift.framework in Frameworks */,
				5468B41E1CB82F4400D0643E /* WebLinking.framework in Frameworks */,
			);
			runOnlyForDeploymentPostprocessing = 0;
		};
		5468B3FB1CB82EE600D0643E /* Frameworks */ = {
			isa = PBXFrameworksBuildPhase;
			buildActionMask = 2147483647;
			files = (
				5468B3FF1CB82EE600D0643E /* Opera.framework in Frameworks */,
			);
			runOnlyForDeploymentPostprocessing = 0;
		};
/* End PBXFrameworksBuildPhase section */

/* Begin PBXGroup section */
		28D91C4F1CB381BD006488F1 /* Frameworks */ = {
			isa = PBXGroup;
			children = (
				5468B4191CB82F4400D0643E /* Alamofire.framework */,
				5468B41A1CB82F4400D0643E /* RxSwift.framework */,
				5468B41B1CB82F4400D0643E /* WebLinking.framework */,
				542B0A1D1CB6E09900EC2C71 /* WebLinking.framework */,
				542B0A171CB6E07D00EC2C71 /* Alamofire.framework */,
				542B0A191CB6E07D00EC2C71 /* RxSwift.framework */,
				542B0A111CB6DDF500EC2C71 /* Alamofire.framework */,
				542B0A121CB6DDF500EC2C71 /* RxSwift.framework */,
				542B0A131CB6DDF500EC2C71 /* WebLinking.framework */,
			);
			name = Frameworks;
			sourceTree = "<group>";
		};
		28F1076F1CB492D8007D8B7D /* Helpers */ = {
			isa = PBXGroup;
			children = (
				28F107761CB498FB007D8B7D /* Helpers.swift */,
				2840C42A1CB56841009AAB02 /* Helpers-iOS.swift */,
			);
			name = Helpers;
			sourceTree = "<group>";
		};
		28F828731C494B2C00330CF4 = {
			isa = PBXGroup;
			children = (
				28F8289B1C494BF100330CF4 /* Playground.playground */,
				28F828971C494B4200330CF4 /* Sources */,
				28F8288B1C494B2C00330CF4 /* Tests */,
				28F8287E1C494B2C00330CF4 /* Products */,
				28D91C4F1CB381BD006488F1 /* Frameworks */,
			);
			sourceTree = "<group>";
		};
		28F8287E1C494B2C00330CF4 /* Products */ = {
			isa = PBXGroup;
			children = (
				28F8287D1C494B2C00330CF4 /* Opera.framework */,
				28F828871C494B2C00330CF4 /* OperaTests_iOS.xctest */,
				542B09E21CB6D5BE00EC2C71 /* Opera.framework */,
				542B09EB1CB6D5BE00EC2C71 /* Opera-OSXTests.xctest */,
				5468B3F51CB82EE600D0643E /* Opera.framework */,
				5468B3FE1CB82EE600D0643E /* Opera-tvOSTests.xctest */,
			);
			name = Products;
			sourceTree = "<group>";
		};
		28F8288B1C494B2C00330CF4 /* Tests */ = {
			isa = PBXGroup;
			children = (
				542B0A081CB6D92300EC2C71 /* Supporting Files */,
				287D0A6D1C4B73BD004566D6 /* OperaTests.swift */,
			);
			name = Tests;
			path = OperaTests;
			sourceTree = "<group>";
		};
		28F828971C494B4200330CF4 /* Sources */ = {
			isa = PBXGroup;
			children = (
				542B0A071CB6D7B900EC2C71 /* Supporting Files */,
				28F1076F1CB492D8007D8B7D /* Helpers */,
				28D91C521CB385CC006488F1 /* NetworkError.swift */,
				28D91C641CB38751006488F1 /* Request+Rx.swift */,
				28D91C661CB38759006488F1 /* Request+ResponseSerialization.swift */,
				28D91C561CB385CC006488F1 /* RequestType.swift */,
				28D91C531CB385CC006488F1 /* PaginationRequestType.swift */,
				28644D791CB83FE700DD1B54 /* PaginationRequestTypeSettings.swift */,
				28A6B9CD1CB5EFB600682BCE /* PaginationRequest.swift */,
				28D91C541CB385CC006488F1 /* PaginationResponseType.swift */,
				28644D751CB83DCB00DD1B54 /* PaginationResponseTypeSettings.swift */,
				28A6B9CF1CB5EFE000682BCE /* PaginationResponse.swift */,
				28D91C551CB385CC006488F1 /* PaginationViewModel.swift */,
				28D91C5E1CB38687006488F1 /* OperaDecodable.swift */,
				28A6B9CB1CB5EC2D00682BCE /* FilterType.swift */,
			);
			path = Sources;
			sourceTree = "<group>";
		};
		542B0A071CB6D7B900EC2C71 /* Supporting Files */ = {
			isa = PBXGroup;
			children = (
				28F828801C494B2C00330CF4 /* Opera.h */,
				28F828821C494B2C00330CF4 /* Info.plist */,
			);
			name = "Supporting Files";
			path = ..;
			sourceTree = "<group>";
		};
		542B0A081CB6D92300EC2C71 /* Supporting Files */ = {
			isa = PBXGroup;
			children = (
				28F8288E1C494B2C00330CF4 /* Info.plist */,
			);
			name = "Supporting Files";
			sourceTree = "<group>";
		};
/* End PBXGroup section */

/* Begin PBXHeadersBuildPhase section */
		28F8287A1C494B2C00330CF4 /* Headers */ = {
			isa = PBXHeadersBuildPhase;
			buildActionMask = 2147483647;
			files = (
				28F828811C494B2C00330CF4 /* Opera.h in Headers */,
			);
			runOnlyForDeploymentPostprocessing = 0;
		};
		542B09DF1CB6D5BE00EC2C71 /* Headers */ = {
			isa = PBXHeadersBuildPhase;
			buildActionMask = 2147483647;
			files = (
				542B0A091CB6D9A600EC2C71 /* Opera.h in Headers */,
			);
			runOnlyForDeploymentPostprocessing = 0;
		};
		5468B3F21CB82EE600D0643E /* Headers */ = {
			isa = PBXHeadersBuildPhase;
			buildActionMask = 2147483647;
			files = (
				5468B40C1CB82F2100D0643E /* Opera.h in Headers */,
			);
			runOnlyForDeploymentPostprocessing = 0;
		};
/* End PBXHeadersBuildPhase section */

/* Begin PBXNativeTarget section */
		28F8287C1C494B2C00330CF4 /* Opera-iOS */ = {
			isa = PBXNativeTarget;
			buildConfigurationList = 28F828911C494B2C00330CF4 /* Build configuration list for PBXNativeTarget "Opera-iOS" */;
			buildPhases = (
				28F828781C494B2C00330CF4 /* Sources */,
				28F828791C494B2C00330CF4 /* Frameworks */,
				28F8287A1C494B2C00330CF4 /* Headers */,
				28F8287B1C494B2C00330CF4 /* Resources */,
			);
			buildRules = (
			);
			dependencies = (
			);
			name = "Opera-iOS";
			productName = Opera;
			productReference = 28F8287D1C494B2C00330CF4 /* Opera.framework */;
			productType = "com.apple.product-type.framework";
		};
		28F828861C494B2C00330CF4 /* OperaTests-iOS */ = {
			isa = PBXNativeTarget;
			buildConfigurationList = 28F828941C494B2C00330CF4 /* Build configuration list for PBXNativeTarget "OperaTests-iOS" */;
			buildPhases = (
				28F828831C494B2C00330CF4 /* Sources */,
				28F828841C494B2C00330CF4 /* Frameworks */,
				28F828851C494B2C00330CF4 /* Resources */,
				28A6B9DB1CB6354F00682BCE /* ShellScript */,
			);
			buildRules = (
			);
			dependencies = (
				28F8288A1C494B2C00330CF4 /* PBXTargetDependency */,
			);
			name = "OperaTests-iOS";
			productName = OperaTests;
			productReference = 28F828871C494B2C00330CF4 /* OperaTests_iOS.xctest */;
			productType = "com.apple.product-type.bundle.unit-test";
		};
		542B09E11CB6D5BE00EC2C71 /* Opera-OSX */ = {
			isa = PBXNativeTarget;
			buildConfigurationList = 542B09F71CB6D5BE00EC2C71 /* Build configuration list for PBXNativeTarget "Opera-OSX" */;
			buildPhases = (
				542B09DD1CB6D5BE00EC2C71 /* Sources */,
				542B09DE1CB6D5BE00EC2C71 /* Frameworks */,
				542B09DF1CB6D5BE00EC2C71 /* Headers */,
				542B09E01CB6D5BE00EC2C71 /* Resources */,
			);
			buildRules = (
			);
			dependencies = (
			);
			name = "Opera-OSX";
			productName = "Opera-OSX";
			productReference = 542B09E21CB6D5BE00EC2C71 /* Opera.framework */;
			productType = "com.apple.product-type.framework";
		};
		542B09EA1CB6D5BE00EC2C71 /* Opera-OSXTests */ = {
			isa = PBXNativeTarget;
			buildConfigurationList = 542B09F81CB6D5BE00EC2C71 /* Build configuration list for PBXNativeTarget "Opera-OSXTests" */;
			buildPhases = (
				542B09E71CB6D5BE00EC2C71 /* Sources */,
				542B09E81CB6D5BE00EC2C71 /* Frameworks */,
				542B09E91CB6D5BE00EC2C71 /* Resources */,
			);
			buildRules = (
			);
			dependencies = (
				542B09EE1CB6D5BE00EC2C71 /* PBXTargetDependency */,
			);
			name = "Opera-OSXTests";
			productName = "Opera-OSXTests";
			productReference = 542B09EB1CB6D5BE00EC2C71 /* Opera-OSXTests.xctest */;
			productType = "com.apple.product-type.bundle.unit-test";
		};
		5468B3F41CB82EE600D0643E /* Opera-tvOS */ = {
			isa = PBXNativeTarget;
			buildConfigurationList = 5468B40A1CB82EE600D0643E /* Build configuration list for PBXNativeTarget "Opera-tvOS" */;
			buildPhases = (
				5468B3F01CB82EE600D0643E /* Sources */,
				5468B3F11CB82EE600D0643E /* Frameworks */,
				5468B3F21CB82EE600D0643E /* Headers */,
				5468B3F31CB82EE600D0643E /* Resources */,
			);
			buildRules = (
			);
			dependencies = (
			);
			name = "Opera-tvOS";
			productName = "Opera-tvOS";
			productReference = 5468B3F51CB82EE600D0643E /* Opera.framework */;
			productType = "com.apple.product-type.framework";
		};
		5468B3FD1CB82EE600D0643E /* Opera-tvOSTests */ = {
			isa = PBXNativeTarget;
			buildConfigurationList = 5468B40B1CB82EE600D0643E /* Build configuration list for PBXNativeTarget "Opera-tvOSTests" */;
			buildPhases = (
				5468B3FA1CB82EE600D0643E /* Sources */,
				5468B3FB1CB82EE600D0643E /* Frameworks */,
				5468B3FC1CB82EE600D0643E /* Resources */,
			);
			buildRules = (
			);
			dependencies = (
				5468B4011CB82EE600D0643E /* PBXTargetDependency */,
			);
			name = "Opera-tvOSTests";
			productName = "Opera-tvOSTests";
			productReference = 5468B3FE1CB82EE600D0643E /* Opera-tvOSTests.xctest */;
			productType = "com.apple.product-type.bundle.unit-test";
		};
/* End PBXNativeTarget section */

/* Begin PBXProject section */
		28F828741C494B2C00330CF4 /* Project object */ = {
			isa = PBXProject;
			attributes = {
				LastSwiftUpdateCheck = 0730;
				LastUpgradeCheck = 0720;
				TargetAttributes = {
					28F8287C1C494B2C00330CF4 = {
						CreatedOnToolsVersion = 7.2;
					};
					28F828861C494B2C00330CF4 = {
						CreatedOnToolsVersion = 7.2;
					};
					542B09E11CB6D5BE00EC2C71 = {
						CreatedOnToolsVersion = 7.3;
					};
					542B09EA1CB6D5BE00EC2C71 = {
						CreatedOnToolsVersion = 7.3;
					};
					5468B3F41CB82EE600D0643E = {
						CreatedOnToolsVersion = 7.3;
					};
					5468B3FD1CB82EE600D0643E = {
						CreatedOnToolsVersion = 7.3;
					};
				};
			};
			buildConfigurationList = 28F828771C494B2C00330CF4 /* Build configuration list for PBXProject "Opera" */;
			compatibilityVersion = "Xcode 3.2";
			developmentRegion = English;
			hasScannedForEncodings = 0;
			knownRegions = (
				en,
			);
			mainGroup = 28F828731C494B2C00330CF4;
			productRefGroup = 28F8287E1C494B2C00330CF4 /* Products */;
			projectDirPath = "";
			projectRoot = "";
			targets = (
				28F8287C1C494B2C00330CF4 /* Opera-iOS */,
				28F828861C494B2C00330CF4 /* OperaTests-iOS */,
				542B09E11CB6D5BE00EC2C71 /* Opera-OSX */,
				542B09EA1CB6D5BE00EC2C71 /* Opera-OSXTests */,
				5468B3F41CB82EE600D0643E /* Opera-tvOS */,
				5468B3FD1CB82EE600D0643E /* Opera-tvOSTests */,
			);
		};
/* End PBXProject section */

/* Begin PBXResourcesBuildPhase section */
		28F8287B1C494B2C00330CF4 /* Resources */ = {
			isa = PBXResourcesBuildPhase;
			buildActionMask = 2147483647;
			files = (
			);
			runOnlyForDeploymentPostprocessing = 0;
		};
		28F828851C494B2C00330CF4 /* Resources */ = {
			isa = PBXResourcesBuildPhase;
			buildActionMask = 2147483647;
			files = (
			);
			runOnlyForDeploymentPostprocessing = 0;
		};
		542B09E01CB6D5BE00EC2C71 /* Resources */ = {
			isa = PBXResourcesBuildPhase;
			buildActionMask = 2147483647;
			files = (
			);
			runOnlyForDeploymentPostprocessing = 0;
		};
		542B09E91CB6D5BE00EC2C71 /* Resources */ = {
			isa = PBXResourcesBuildPhase;
			buildActionMask = 2147483647;
			files = (
			);
			runOnlyForDeploymentPostprocessing = 0;
		};
		5468B3F31CB82EE600D0643E /* Resources */ = {
			isa = PBXResourcesBuildPhase;
			buildActionMask = 2147483647;
			files = (
			);
			runOnlyForDeploymentPostprocessing = 0;
		};
		5468B3FC1CB82EE600D0643E /* Resources */ = {
			isa = PBXResourcesBuildPhase;
			buildActionMask = 2147483647;
			files = (
			);
			runOnlyForDeploymentPostprocessing = 0;
		};
/* End PBXResourcesBuildPhase section */

/* Begin PBXShellScriptBuildPhase section */
		28A6B9DB1CB6354F00682BCE /* ShellScript */ = {
			isa = PBXShellScriptBuildPhase;
			buildActionMask = 2147483647;
			files = (
			);
			inputPaths = (
				"$(SRCROOT)/Carthage/Build/iOS/Alamofire.framework",
				"$(SRCROOT)/Carthage/Build/iOS/RxSwift.framework",
				"$(SRCROOT)/Carthage/Build/iOS/RxCocoa.framework",
				"$(SRCROOT)/Carthage/Build/iOS/WebLinking.framework",
			);
			outputPaths = (
			);
			runOnlyForDeploymentPostprocessing = 0;
			shellPath = /bin/sh;
			shellScript = "/usr/local/bin/carthage copy-frameworks";
		};
/* End PBXShellScriptBuildPhase section */

/* Begin PBXSourcesBuildPhase section */
		28F828781C494B2C00330CF4 /* Sources */ = {
			isa = PBXSourcesBuildPhase;
			buildActionMask = 2147483647;
			files = (
				28D91C651CB38751006488F1 /* Request+Rx.swift in Sources */,
				28D91C5F1CB38687006488F1 /* OperaDecodable.swift in Sources */,
				28A6B9CC1CB5EC2D00682BCE /* FilterType.swift in Sources */,
				28D91C581CB385CC006488F1 /* PaginationRequestType.swift in Sources */,
				2840C42B1CB56841009AAB02 /* Helpers-iOS.swift in Sources */,
				28A6B9CE1CB5EFB600682BCE /* PaginationRequest.swift in Sources */,
				28D91C591CB385CC006488F1 /* PaginationResponseType.swift in Sources */,
				28644D7A1CB83FE700DD1B54 /* PaginationRequestTypeSettings.swift in Sources */,
				28A6B9D01CB5EFE000682BCE /* PaginationResponse.swift in Sources */,
				28D91C5A1CB385CC006488F1 /* PaginationViewModel.swift in Sources */,
				28D91C571CB385CC006488F1 /* NetworkError.swift in Sources */,
				28644D761CB83DCB00DD1B54 /* PaginationResponseTypeSettings.swift in Sources */,
				28D91C5B1CB385CC006488F1 /* RequestType.swift in Sources */,
				28F107771CB498FB007D8B7D /* Helpers.swift in Sources */,
				28D91C671CB38759006488F1 /* Request+ResponseSerialization.swift in Sources */,
			);
			runOnlyForDeploymentPostprocessing = 0;
		};
		28F828831C494B2C00330CF4 /* Sources */ = {
			isa = PBXSourcesBuildPhase;
			buildActionMask = 2147483647;
			files = (
				287D0A6E1C4B73BD004566D6 /* OperaTests.swift in Sources */,
			);
			runOnlyForDeploymentPostprocessing = 0;
		};
		542B09DD1CB6D5BE00EC2C71 /* Sources */ = {
			isa = PBXSourcesBuildPhase;
			buildActionMask = 2147483647;
			files = (
				542B09FA1CB6D63200EC2C71 /* Helpers.swift in Sources */,
				542B0A021CB6D63200EC2C71 /* PaginationViewModel.swift in Sources */,
				542B0A001CB6D63200EC2C71 /* PaginationResponseType.swift in Sources */,
				542B09FC1CB6D63200EC2C71 /* Request+Rx.swift in Sources */,
				542B09FB1CB6D63200EC2C71 /* NetworkError.swift in Sources */,
				542B0A011CB6D63200EC2C71 /* PaginationResponse.swift in Sources */,
				542B09FD1CB6D63200EC2C71 /* Request+ResponseSerialization.swift in Sources */,
				542B09FE1CB6D63200EC2C71 /* PaginationRequestType.swift in Sources */,
				542B09FF1CB6D63200EC2C71 /* PaginationRequest.swift in Sources */,
				28644D771CB83DCB00DD1B54 /* PaginationResponseTypeSettings.swift in Sources */,
				542B0A041CB6D63200EC2C71 /* OperaDecodable.swift in Sources */,
				542B0A031CB6D63200EC2C71 /* RequestType.swift in Sources */,
				28644D7B1CB83FE700DD1B54 /* PaginationRequestTypeSettings.swift in Sources */,
				542B0A051CB6D63200EC2C71 /* FilterType.swift in Sources */,
			);
			runOnlyForDeploymentPostprocessing = 0;
		};
		542B09E71CB6D5BE00EC2C71 /* Sources */ = {
			isa = PBXSourcesBuildPhase;
			buildActionMask = 2147483647;
			files = (
			);
			runOnlyForDeploymentPostprocessing = 0;
		};
		5468B3F01CB82EE600D0643E /* Sources */ = {
			isa = PBXSourcesBuildPhase;
			buildActionMask = 2147483647;
			files = (
				5468B40D1CB82F2100D0643E /* Helpers.swift in Sources */,
				5468B4131CB82F2100D0643E /* PaginationRequest.swift in Sources */,
				5468B4151CB82F2100D0643E /* PaginationResponse.swift in Sources */,
				5468B4141CB82F2100D0643E /* PaginationResponseType.swift in Sources */,
				5468B4121CB82F2100D0643E /* PaginationRequestType.swift in Sources */,
				5468B40F1CB82F2100D0643E /* Request+Rx.swift in Sources */,
				5468B40E1CB82F2100D0643E /* NetworkError.swift in Sources */,
				5468B4101CB82F2100D0643E /* Request+ResponseSerialization.swift in Sources */,
				5468B4161CB82F2100D0643E /* PaginationViewModel.swift in Sources */,
				28644D781CB83DCB00DD1B54 /* PaginationResponseTypeSettings.swift in Sources */,
				5468B4171CB82F2100D0643E /* OperaDecodable.swift in Sources */,
				5468B4111CB82F2100D0643E /* RequestType.swift in Sources */,
				28644D7C1CB83FE700DD1B54 /* PaginationRequestTypeSettings.swift in Sources */,
				5468B4181CB82F2100D0643E /* FilterType.swift in Sources */,
			);
			runOnlyForDeploymentPostprocessing = 0;
		};
		5468B3FA1CB82EE600D0643E /* Sources */ = {
			isa = PBXSourcesBuildPhase;
			buildActionMask = 2147483647;
			files = (
			);
			runOnlyForDeploymentPostprocessing = 0;
		};
/* End PBXSourcesBuildPhase section */

/* Begin PBXTargetDependency section */
		28F8288A1C494B2C00330CF4 /* PBXTargetDependency */ = {
			isa = PBXTargetDependency;
			target = 28F8287C1C494B2C00330CF4 /* Opera-iOS */;
			targetProxy = 28F828891C494B2C00330CF4 /* PBXContainerItemProxy */;
		};
		542B09EE1CB6D5BE00EC2C71 /* PBXTargetDependency */ = {
			isa = PBXTargetDependency;
			target = 542B09E11CB6D5BE00EC2C71 /* Opera-OSX */;
			targetProxy = 542B09ED1CB6D5BE00EC2C71 /* PBXContainerItemProxy */;
		};
		5468B4011CB82EE600D0643E /* PBXTargetDependency */ = {
			isa = PBXTargetDependency;
			target = 5468B3F41CB82EE600D0643E /* Opera-tvOS */;
			targetProxy = 5468B4001CB82EE600D0643E /* PBXContainerItemProxy */;
		};
/* End PBXTargetDependency section */

/* Begin XCBuildConfiguration section */
		28F8288F1C494B2C00330CF4 /* Debug */ = {
			isa = XCBuildConfiguration;
			buildSettings = {
				ALWAYS_SEARCH_USER_PATHS = NO;
				CLANG_CXX_LANGUAGE_STANDARD = "gnu++0x";
				CLANG_CXX_LIBRARY = "libc++";
				CLANG_ENABLE_MODULES = YES;
				CLANG_ENABLE_OBJC_ARC = YES;
				CLANG_WARN_BOOL_CONVERSION = YES;
				CLANG_WARN_CONSTANT_CONVERSION = YES;
				CLANG_WARN_DIRECT_OBJC_ISA_USAGE = YES_ERROR;
				CLANG_WARN_EMPTY_BODY = YES;
				CLANG_WARN_ENUM_CONVERSION = YES;
				CLANG_WARN_INT_CONVERSION = YES;
				CLANG_WARN_OBJC_ROOT_CLASS = YES_ERROR;
				CLANG_WARN_UNREACHABLE_CODE = YES;
				CLANG_WARN__DUPLICATE_METHOD_MATCH = YES;
				"CODE_SIGN_IDENTITY[sdk=iphoneos*]" = "iPhone Developer";
				COPY_PHASE_STRIP = NO;
				CURRENT_PROJECT_VERSION = 1;
				DEBUG_INFORMATION_FORMAT = dwarf;
				ENABLE_STRICT_OBJC_MSGSEND = YES;
				ENABLE_TESTABILITY = YES;
				GCC_C_LANGUAGE_STANDARD = gnu99;
				GCC_DYNAMIC_NO_PIC = NO;
				GCC_NO_COMMON_BLOCKS = YES;
				GCC_OPTIMIZATION_LEVEL = 0;
				GCC_PREPROCESSOR_DEFINITIONS = (
					"DEBUG=1",
					"$(inherited)",
				);
				GCC_WARN_64_TO_32_BIT_CONVERSION = YES;
				GCC_WARN_ABOUT_RETURN_TYPE = YES_ERROR;
				GCC_WARN_UNDECLARED_SELECTOR = YES;
				GCC_WARN_UNINITIALIZED_AUTOS = YES_AGGRESSIVE;
				GCC_WARN_UNUSED_FUNCTION = YES;
				GCC_WARN_UNUSED_VARIABLE = YES;
				IPHONEOS_DEPLOYMENT_TARGET = 9.2;
				MTL_ENABLE_DEBUG_INFO = YES;
				ONLY_ACTIVE_ARCH = YES;
				SDKROOT = iphoneos;
				SWIFT_OPTIMIZATION_LEVEL = "-Onone";
				TARGETED_DEVICE_FAMILY = "1,2";
				VERSIONING_SYSTEM = "apple-generic";
				VERSION_INFO_PREFIX = "";
			};
			name = Debug;
		};
		28F828901C494B2C00330CF4 /* Release */ = {
			isa = XCBuildConfiguration;
			buildSettings = {
				ALWAYS_SEARCH_USER_PATHS = NO;
				CLANG_CXX_LANGUAGE_STANDARD = "gnu++0x";
				CLANG_CXX_LIBRARY = "libc++";
				CLANG_ENABLE_MODULES = YES;
				CLANG_ENABLE_OBJC_ARC = YES;
				CLANG_WARN_BOOL_CONVERSION = YES;
				CLANG_WARN_CONSTANT_CONVERSION = YES;
				CLANG_WARN_DIRECT_OBJC_ISA_USAGE = YES_ERROR;
				CLANG_WARN_EMPTY_BODY = YES;
				CLANG_WARN_ENUM_CONVERSION = YES;
				CLANG_WARN_INT_CONVERSION = YES;
				CLANG_WARN_OBJC_ROOT_CLASS = YES_ERROR;
				CLANG_WARN_UNREACHABLE_CODE = YES;
				CLANG_WARN__DUPLICATE_METHOD_MATCH = YES;
				"CODE_SIGN_IDENTITY[sdk=iphoneos*]" = "iPhone Developer";
				COPY_PHASE_STRIP = NO;
				CURRENT_PROJECT_VERSION = 1;
				DEBUG_INFORMATION_FORMAT = "dwarf-with-dsym";
				ENABLE_NS_ASSERTIONS = NO;
				ENABLE_STRICT_OBJC_MSGSEND = YES;
				GCC_C_LANGUAGE_STANDARD = gnu99;
				GCC_NO_COMMON_BLOCKS = YES;
				GCC_WARN_64_TO_32_BIT_CONVERSION = YES;
				GCC_WARN_ABOUT_RETURN_TYPE = YES_ERROR;
				GCC_WARN_UNDECLARED_SELECTOR = YES;
				GCC_WARN_UNINITIALIZED_AUTOS = YES_AGGRESSIVE;
				GCC_WARN_UNUSED_FUNCTION = YES;
				GCC_WARN_UNUSED_VARIABLE = YES;
				IPHONEOS_DEPLOYMENT_TARGET = 9.2;
				MTL_ENABLE_DEBUG_INFO = NO;
				SDKROOT = iphoneos;
				TARGETED_DEVICE_FAMILY = "1,2";
				VALIDATE_PRODUCT = YES;
				VERSIONING_SYSTEM = "apple-generic";
				VERSION_INFO_PREFIX = "";
			};
			name = Release;
		};
		28F828921C494B2C00330CF4 /* Debug */ = {
			isa = XCBuildConfiguration;
			buildSettings = {
				DEFINES_MODULE = YES;
				DYLIB_COMPATIBILITY_VERSION = 1;
				DYLIB_CURRENT_VERSION = 1;
				DYLIB_INSTALL_NAME_BASE = "@rpath";
				FRAMEWORK_SEARCH_PATHS = (
					"$(inherited)",
					"$(PROJECT_DIR)/Carthage/Build/iOS",
					"$(PROJECT_DIR)/Carthage/Build/Mac",
				);
				INFOPLIST_FILE = "Sources/Supporting Files/Info.plist";
				INSTALL_PATH = "$(LOCAL_LIBRARY_DIR)/Frameworks";
				LD_RUNPATH_SEARCH_PATHS = "$(inherited) @executable_path/Frameworks @loader_path/Frameworks";
				PRODUCT_BUNDLE_IDENTIFIER = "com.xmartlabs.$(PRODUCT_NAME:rfc1034identifier)";
				PRODUCT_NAME = Opera;
				SKIP_INSTALL = YES;
			};
			name = Debug;
		};
		28F828931C494B2C00330CF4 /* Release */ = {
			isa = XCBuildConfiguration;
			buildSettings = {
				DEFINES_MODULE = YES;
				DYLIB_COMPATIBILITY_VERSION = 1;
				DYLIB_CURRENT_VERSION = 1;
				DYLIB_INSTALL_NAME_BASE = "@rpath";
				FRAMEWORK_SEARCH_PATHS = (
					"$(inherited)",
					"$(PROJECT_DIR)/Carthage/Build/iOS",
					"$(PROJECT_DIR)/Carthage/Build/Mac",
				);
				INFOPLIST_FILE = "Sources/Supporting Files/Info.plist";
				INSTALL_PATH = "$(LOCAL_LIBRARY_DIR)/Frameworks";
				LD_RUNPATH_SEARCH_PATHS = "$(inherited) @executable_path/Frameworks @loader_path/Frameworks";
				PRODUCT_BUNDLE_IDENTIFIER = "com.xmartlabs.$(PRODUCT_NAME:rfc1034identifier)";
				PRODUCT_NAME = Opera;
				SKIP_INSTALL = YES;
			};
			name = Release;
		};
		28F828951C494B2C00330CF4 /* Debug */ = {
			isa = XCBuildConfiguration;
			buildSettings = {
				CLANG_ENABLE_MODULES = YES;
				FRAMEWORK_SEARCH_PATHS = (
					"$(inherited)",
					"$(PROJECT_DIR)/Carthage/Build/iOS",
				);
				INFOPLIST_FILE = "Tests/Supporting Files/Info.plist";
				LD_RUNPATH_SEARCH_PATHS = "$(inherited) @executable_path/Frameworks @loader_path/Frameworks";
				PRODUCT_BUNDLE_IDENTIFIER = com.xmartlabs.OperaTests;
				PRODUCT_NAME = "$(TARGET_NAME:c99extidentifier)";
				SWIFT_OPTIMIZATION_LEVEL = "-Onone";
			};
			name = Debug;
		};
		28F828961C494B2C00330CF4 /* Release */ = {
			isa = XCBuildConfiguration;
			buildSettings = {
				CLANG_ENABLE_MODULES = YES;
				FRAMEWORK_SEARCH_PATHS = (
					"$(inherited)",
					"$(PROJECT_DIR)/Carthage/Build/iOS",
				);
				INFOPLIST_FILE = "Tests/Supporting Files/Info.plist";
				LD_RUNPATH_SEARCH_PATHS = "$(inherited) @executable_path/Frameworks @loader_path/Frameworks";
				PRODUCT_BUNDLE_IDENTIFIER = com.xmartlabs.OperaTests;
				PRODUCT_NAME = "$(TARGET_NAME:c99extidentifier)";
			};
			name = Release;
		};
		542B09F31CB6D5BE00EC2C71 /* Debug */ = {
			isa = XCBuildConfiguration;
			buildSettings = {
				CLANG_ANALYZER_NONNULL = YES;
				CODE_SIGN_IDENTITY = "-";
				COMBINE_HIDPI_IMAGES = YES;
				DEFINES_MODULE = YES;
				DYLIB_COMPATIBILITY_VERSION = 1;
				DYLIB_CURRENT_VERSION = 1;
				DYLIB_INSTALL_NAME_BASE = "@rpath";
				FRAMEWORK_SEARCH_PATHS = (
					"$(inherited)",
					"$(PROJECT_DIR)/Carthage/Build/Mac",
					"$(PROJECT_DIR)/Carthage/Build/iOS",
				);
				FRAMEWORK_VERSION = A;
				INFOPLIST_FILE = "Sources/Supporting Files/Info.plist";
				INSTALL_PATH = "$(LOCAL_LIBRARY_DIR)/Frameworks";
				LD_RUNPATH_SEARCH_PATHS = "$(inherited) @executable_path/../Frameworks @loader_path/Frameworks";
				MACOSX_DEPLOYMENT_TARGET = 10.11;
				PRODUCT_BUNDLE_IDENTIFIER = com.xmartlabs.Opera;
				PRODUCT_NAME = Opera;
				SDKROOT = macosx;
				SKIP_INSTALL = YES;
			};
			name = Debug;
		};
		542B09F41CB6D5BE00EC2C71 /* Release */ = {
			isa = XCBuildConfiguration;
			buildSettings = {
				CLANG_ANALYZER_NONNULL = YES;
				CODE_SIGN_IDENTITY = "-";
				COMBINE_HIDPI_IMAGES = YES;
				DEFINES_MODULE = YES;
				DYLIB_COMPATIBILITY_VERSION = 1;
				DYLIB_CURRENT_VERSION = 1;
				DYLIB_INSTALL_NAME_BASE = "@rpath";
				FRAMEWORK_SEARCH_PATHS = (
					"$(inherited)",
					"$(PROJECT_DIR)/Carthage/Build/Mac",
					"$(PROJECT_DIR)/Carthage/Build/iOS",
				);
				FRAMEWORK_VERSION = A;
				INFOPLIST_FILE = "Sources/Supporting Files/Info.plist";
				INSTALL_PATH = "$(LOCAL_LIBRARY_DIR)/Frameworks";
				LD_RUNPATH_SEARCH_PATHS = "$(inherited) @executable_path/../Frameworks @loader_path/Frameworks";
				MACOSX_DEPLOYMENT_TARGET = 10.11;
				PRODUCT_BUNDLE_IDENTIFIER = com.xmartlabs.Opera;
				PRODUCT_NAME = Opera;
				SDKROOT = macosx;
				SKIP_INSTALL = YES;
			};
			name = Release;
		};
		542B09F51CB6D5BE00EC2C71 /* Debug */ = {
			isa = XCBuildConfiguration;
			buildSettings = {
				CLANG_ANALYZER_NONNULL = YES;
				CODE_SIGN_IDENTITY = "-";
				COMBINE_HIDPI_IMAGES = YES;
				INFOPLIST_FILE = "Tests/Supporting Files/Info.plist";
				LD_RUNPATH_SEARCH_PATHS = "$(inherited) @executable_path/../Frameworks @loader_path/../Frameworks";
				MACOSX_DEPLOYMENT_TARGET = 10.11;
				PRODUCT_BUNDLE_IDENTIFIER = "com.xmartlabs.Opera-OSXTests";
				PRODUCT_NAME = "$(TARGET_NAME)";
				SDKROOT = macosx;
			};
			name = Debug;
		};
		542B09F61CB6D5BE00EC2C71 /* Release */ = {
			isa = XCBuildConfiguration;
			buildSettings = {
				CLANG_ANALYZER_NONNULL = YES;
				CODE_SIGN_IDENTITY = "-";
				COMBINE_HIDPI_IMAGES = YES;
				INFOPLIST_FILE = "Tests/Supporting Files/Info.plist";
				LD_RUNPATH_SEARCH_PATHS = "$(inherited) @executable_path/../Frameworks @loader_path/../Frameworks";
				MACOSX_DEPLOYMENT_TARGET = 10.11;
				PRODUCT_BUNDLE_IDENTIFIER = "com.xmartlabs.Opera-OSXTests";
				PRODUCT_NAME = "$(TARGET_NAME)";
				SDKROOT = macosx;
			};
			name = Release;
		};
		5468B4061CB82EE600D0643E /* Debug */ = {
			isa = XCBuildConfiguration;
			buildSettings = {
				CLANG_ANALYZER_NONNULL = YES;
				DEFINES_MODULE = YES;
				DYLIB_COMPATIBILITY_VERSION = 1;
				DYLIB_CURRENT_VERSION = 1;
				DYLIB_INSTALL_NAME_BASE = "@rpath";
				FRAMEWORK_SEARCH_PATHS = (
					"$(inherited)",
					"$(PROJECT_DIR)/Carthage/Build/tvOS",
				);
				INFOPLIST_FILE = "Sources/Supporting Files/Info.plist";
				INSTALL_PATH = "$(LOCAL_LIBRARY_DIR)/Frameworks";
				LD_RUNPATH_SEARCH_PATHS = "$(inherited) @executable_path/Frameworks @loader_path/Frameworks";
				PRODUCT_BUNDLE_IDENTIFIER = com.xmartlabs.Opera;
				PRODUCT_NAME = Opera;
				SDKROOT = appletvos;
				SKIP_INSTALL = YES;
				TARGETED_DEVICE_FAMILY = 3;
				TVOS_DEPLOYMENT_TARGET = 9.2;
			};
			name = Debug;
		};
		5468B4071CB82EE600D0643E /* Release */ = {
			isa = XCBuildConfiguration;
			buildSettings = {
				CLANG_ANALYZER_NONNULL = YES;
				DEFINES_MODULE = YES;
				DYLIB_COMPATIBILITY_VERSION = 1;
				DYLIB_CURRENT_VERSION = 1;
				DYLIB_INSTALL_NAME_BASE = "@rpath";
				FRAMEWORK_SEARCH_PATHS = (
					"$(inherited)",
					"$(PROJECT_DIR)/Carthage/Build/tvOS",
				);
				INFOPLIST_FILE = "Sources/Supporting Files/Info.plist";
				INSTALL_PATH = "$(LOCAL_LIBRARY_DIR)/Frameworks";
				LD_RUNPATH_SEARCH_PATHS = "$(inherited) @executable_path/Frameworks @loader_path/Frameworks";
				PRODUCT_BUNDLE_IDENTIFIER = com.xmartlabs.Opera;
				PRODUCT_NAME = Opera;
				SDKROOT = appletvos;
				SKIP_INSTALL = YES;
				TARGETED_DEVICE_FAMILY = 3;
				TVOS_DEPLOYMENT_TARGET = 9.2;
			};
			name = Release;
		};
		5468B4081CB82EE600D0643E /* Debug */ = {
			isa = XCBuildConfiguration;
			buildSettings = {
				CLANG_ANALYZER_NONNULL = YES;
				INFOPLIST_FILE = "Opera-tvOSTests/Info.plist";
				LD_RUNPATH_SEARCH_PATHS = "$(inherited) @executable_path/Frameworks @loader_path/Frameworks";
				PRODUCT_BUNDLE_IDENTIFIER = "com.xmartlabs.Opera-tvOSTests";
				PRODUCT_NAME = "$(TARGET_NAME)";
				SDKROOT = appletvos;
				TVOS_DEPLOYMENT_TARGET = 9.2;
			};
			name = Debug;
		};
		5468B4091CB82EE600D0643E /* Release */ = {
			isa = XCBuildConfiguration;
			buildSettings = {
				CLANG_ANALYZER_NONNULL = YES;
				INFOPLIST_FILE = "Opera-tvOSTests/Info.plist";
				LD_RUNPATH_SEARCH_PATHS = "$(inherited) @executable_path/Frameworks @loader_path/Frameworks";
				PRODUCT_BUNDLE_IDENTIFIER = "com.xmartlabs.Opera-tvOSTests";
				PRODUCT_NAME = "$(TARGET_NAME)";
				SDKROOT = appletvos;
				TVOS_DEPLOYMENT_TARGET = 9.2;
			};
			name = Release;
		};
/* End XCBuildConfiguration section */

/* Begin XCConfigurationList section */
		28F828771C494B2C00330CF4 /* Build configuration list for PBXProject "Opera" */ = {
			isa = XCConfigurationList;
			buildConfigurations = (
				28F8288F1C494B2C00330CF4 /* Debug */,
				28F828901C494B2C00330CF4 /* Release */,
			);
			defaultConfigurationIsVisible = 0;
			defaultConfigurationName = Release;
		};
		28F828911C494B2C00330CF4 /* Build configuration list for PBXNativeTarget "Opera-iOS" */ = {
			isa = XCConfigurationList;
			buildConfigurations = (
				28F828921C494B2C00330CF4 /* Debug */,
				28F828931C494B2C00330CF4 /* Release */,
			);
			defaultConfigurationIsVisible = 0;
			defaultConfigurationName = Release;
		};
		28F828941C494B2C00330CF4 /* Build configuration list for PBXNativeTarget "OperaTests-iOS" */ = {
			isa = XCConfigurationList;
			buildConfigurations = (
				28F828951C494B2C00330CF4 /* Debug */,
				28F828961C494B2C00330CF4 /* Release */,
			);
			defaultConfigurationIsVisible = 0;
			defaultConfigurationName = Release;
		};
		542B09F71CB6D5BE00EC2C71 /* Build configuration list for PBXNativeTarget "Opera-OSX" */ = {
			isa = XCConfigurationList;
			buildConfigurations = (
				542B09F31CB6D5BE00EC2C71 /* Debug */,
				542B09F41CB6D5BE00EC2C71 /* Release */,
			);
			defaultConfigurationIsVisible = 0;
			defaultConfigurationName = Release;
		};
		542B09F81CB6D5BE00EC2C71 /* Build configuration list for PBXNativeTarget "Opera-OSXTests" */ = {
			isa = XCConfigurationList;
			buildConfigurations = (
				542B09F51CB6D5BE00EC2C71 /* Debug */,
				542B09F61CB6D5BE00EC2C71 /* Release */,
			);
			defaultConfigurationIsVisible = 0;
			defaultConfigurationName = Release;
		};
		5468B40A1CB82EE600D0643E /* Build configuration list for PBXNativeTarget "Opera-tvOS" */ = {
			isa = XCConfigurationList;
			buildConfigurations = (
				5468B4061CB82EE600D0643E /* Debug */,
				5468B4071CB82EE600D0643E /* Release */,
			);
			defaultConfigurationIsVisible = 0;
			defaultConfigurationName = Release;
		};
		5468B40B1CB82EE600D0643E /* Build configuration list for PBXNativeTarget "Opera-tvOSTests" */ = {
			isa = XCConfigurationList;
			buildConfigurations = (
				5468B4081CB82EE600D0643E /* Debug */,
				5468B4091CB82EE600D0643E /* Release */,
			);
			defaultConfigurationIsVisible = 0;
			defaultConfigurationName = Release;
		};
/* End XCConfigurationList section */
	};
	rootObject = 28F828741C494B2C00330CF4 /* Project object */;
}
